
Microsoft Visual Studio Solution File, Format Version 12.00
# Visual Studio Version 17
VisualStudioVersion = 17.14.36511.14 d17.14
MinimumVisualStudioVersion = 10.0.40219.1
Project("{FAE04EC0-301F-11D3-BF4B-00C04F79EFBC}") = "projekt 2 lista", "projekt 2 lista.csproj", "{278762EE-E4E4-4DEA-922C-48C1A362F902}"
EndProject
Global
	GlobalSection(SolutionConfigurationPlatforms) = preSolution
		Debug|Any CPU = Debug|Any CPU
		Release|Any CPU = Release|Any CPU
	EndGlobalSection
	GlobalSection(ProjectConfigurationPlatforms) = postSolution
		{278762EE-E4E4-4DEA-922C-48C1A362F902}.Debug|Any CPU.ActiveCfg = Debug|Any CPU
		{278762EE-E4E4-4DEA-922C-48C1A362F902}.Debug|Any CPU.Build.0 = Debug|Any CPU
		{278762EE-E4E4-4DEA-922C-48C1A362F902}.Release|Any CPU.ActiveCfg = Release|Any CPU
		{278762EE-E4E4-4DEA-922C-48C1A362F902}.Release|Any CPU.Build.0 = Release|Any CPU
	EndGlobalSection
	GlobalSection(SolutionProperties) = preSolution
		HideSolutionNode = FALSE
	EndGlobalSection
	GlobalSection(ExtensibilityGlobals) = postSolution
		SolutionGuid = {C84CB674-AF19-406D-9916-BC2F4288C03D}
	EndGlobalSection
EndGlobal
